
Microsoft Visual Studio Solution File, Format Version 11.00
# Visual Basic Express 2010
Project("{F184B08F-C81C-45F6-A57F-5ABD9991F28F}") = "SP_Voting_Project", "SP_Voting_Project\SP_Voting_Project.vbproj", "{57F9582D-4BEF-4822-B79A-8B3665A66EF7}"
EndProject
Global
	GlobalSection(SolutionConfigurationPlatforms) = preSolution
		Debug|x86 = Debug|x86
		Release|x86 = Release|x86
	EndGlobalSection
	GlobalSection(ProjectConfigurationPlatforms) = postSolution
		{57F9582D-4BEF-4822-B79A-8B3665A66EF7}.Debug|x86.ActiveCfg = Debug|x86
		{57F9582D-4BEF-4822-B79A-8B3665A66EF7}.Debug|x86.Build.0 = Debug|x86
		{57F9582D-4BEF-4822-B79A-8B3665A66EF7}.Release|x86.ActiveCfg = Release|x86
		{57F9582D-4BEF-4822-B79A-8B3665A66EF7}.Release|x86.Build.0 = Release|x86
	EndGlobalSection
	GlobalSection(SolutionProperties) = preSolution
		HideSolutionNode = FALSE
	EndGlobalSection
EndGlobal
