
Microsoft Visual Studio Solution File, Format Version 11.00
# Visual Basic Express 2010
Project("{F184B08F-C81C-45F6-A57F-5ABD9991F28F}") = "SP_Admin1", "SP_Admin1\SP_Admin1.vbproj", "{65993944-AB84-4C57-82FA-43DB3B16DCEB}"
EndProject
Global
	GlobalSection(SolutionConfigurationPlatforms) = preSolution
		Debug|x86 = Debug|x86
		Release|x86 = Release|x86
	EndGlobalSection
	GlobalSection(ProjectConfigurationPlatforms) = postSolution
		{65993944-AB84-4C57-82FA-43DB3B16DCEB}.Debug|x86.ActiveCfg = Debug|x86
		{65993944-AB84-4C57-82FA-43DB3B16DCEB}.Debug|x86.Build.0 = Debug|x86
		{65993944-AB84-4C57-82FA-43DB3B16DCEB}.Release|x86.ActiveCfg = Release|x86
		{65993944-AB84-4C57-82FA-43DB3B16DCEB}.Release|x86.Build.0 = Release|x86
	EndGlobalSection
	GlobalSection(SolutionProperties) = preSolution
		HideSolutionNode = FALSE
	EndGlobalSection
EndGlobal
